name: mp_prediction
channels:
  - pypi
  - conda-forge
  - defaults
dependencies:
  - _libgcc_mutex=0.1
  - arviz=0.9.0
  - binutils_impl_linux-64=2.33.1
  - binutils_linux-64=2.33.1
  - blas=1.0
  - ca-certificates=2020.6.20
  - certifi=2020.6.20
  - cftime=1.2.1
  - curl=7.71.1
  - cycler=0.10.0
  - dbus=1.13.16
  - expat=2.2.9
  - fastprogress=0.2.3
  - fontconfig=2.13.0
  - freetype=2.10.2
  - gcc_impl_linux-64=7.3.0
  - gcc_linux-64=7.3.0
  - glib=2.63.1
  - gst-plugins-base=1.14.0
  - gstreamer=1.14.0
  - gxx_impl_linux-64=7.3.0
  - gxx_linux-64=7.3.0
  - h5py=2.8.0
  - hdf4=4.2.13
  - hdf5=1.10.2
  - icu=58.2
  - intel-openmp=2020.1
  - jpeg=9b
  - kiwisolver=1.2.0
  - krb5=1.17.1
  - ld_impl_linux-64=2.33.1
  - libcurl=7.71.1
  - libedit=3.1.20191231
  - libffi=3.2.1
  - libgcc-ng=9.1.0
  - libgfortran=3.0.0
  - libgfortran-ng=7.3.0
  - libgpuarray=0.7.6
  - libnetcdf=4.6.1
  - libpng=1.6.37
  - libssh2=1.9.0
  - libstdcxx-ng=9.1.0
  - libuuid=1.0.3
  - libxcb=1.14
  - libxml2=2.9.10
  - mako=1.1.0
  - markupsafe=1.1.1
  - matplotlib=3.2.2
  - matplotlib-base=3.2.2
  - mkl=2020.1
  - mkl_fft=1.0.12
  - mkl_random=1.1.1
  - ncurses=6.2
  - netcdf4=1.4.1
  - numpy=1.16.4
  - numpy-base=1.16.4
  - openssl=1.1.1g
  - packaging=20.4
  - pandas=0.25.1
  - patsy=0.5.1
  - pcre=8.44
  - pip=20.1.1
  - pygpu=0.7.6
  - pymc3=3.8
  - pyparsing=2.4.7
  - pyqt=5.9.2
  - python=3.7.4
  - python-dateutil=2.8.1
  - python_abi=3.7
  - pytz=2020.1
  - qt=5.9.7
  - readline=7.0
  - scipy=1.2.1
  - setuptools=49.2.0
  - sip=4.19.8
  - six=1.15.0
  - sqlite=3.32.3
  - theano=1.0.4
  - tk=8.6.10
  - tornado=6.0.4
  - tqdm=4.48.0
  - typing-extensions=3.7.4.2
  - typing_extensions=3.7.4.2
  - wheel=0.34.2
  - xarray=0.15.0
  - xz=5.2.5
  - zlib=1.2.11
prefix: /home/benjamin/anaconda3/envs/mp_prediction
